
Microsoft Visual Studio Solution File, Format Version 12.00
# Visual Studio 2012
Project("{FAE04EC0-301F-11D3-BF4B-00C04F79EFBC}") = "AOE.WebUI", "AOE.WebUI\AOE.WebUI.csproj", "{B9D9D375-FCFE-4095-8684-4D4D7708F86B}"
EndProject
Project("{FAE04EC0-301F-11D3-BF4B-00C04F79EFBC}") = "AOE.Service", "AOE.Service\AOE.Service.csproj", "{9300A212-8F95-49C4-873A-7D4C7668675C}"
EndProject
Project("{FAE04EC0-301F-11D3-BF4B-00C04F79EFBC}") = "AOE.Repository", "AOE.Repository\AOE.Repository.csproj", "{2D44D663-AF7B-40EC-AFDE-57C95E2B7740}"
EndProject
Project("{FAE04EC0-301F-11D3-BF4B-00C04F79EFBC}") = "AOE.Model", "AOE.Model\AOE.Model.csproj", "{1EE64B47-D068-44E4-A73C-B314CC13F36F}"
EndProject
Project("{2150E333-8FDC-42A3-9474-1A3956D46DE8}") = "1. Data Access Layer", "1. Data Access Layer", "{FDE9A207-18F7-4C9D-9321-A0C959146AD0}"
EndProject
Project("{2150E333-8FDC-42A3-9474-1A3956D46DE8}") = "2. Business Logic Layer", "2. Business Logic Layer", "{590FA0C6-22AC-4B17-85D9-B4D72ED700F0}"
EndProject
Project("{2150E333-8FDC-42A3-9474-1A3956D46DE8}") = "3. Service Layer", "3. Service Layer", "{AB268BBA-4A68-408D-99AE-2A1D9B9B8A60}"
EndProject
Project("{2150E333-8FDC-42A3-9474-1A3956D46DE8}") = "4. Presentation Layer", "4. Presentation Layer", "{031A5C10-C877-4D79-ABD3-FC74A1088408}"
EndProject
Project("{FAE04EC0-301F-11D3-BF4B-00C04F79EFBC}") = "AOE.Presentation", "AOE.Presentation\AOE.Presentation.csproj", "{A2AF5012-AB2A-482C-9D2B-D6B05B985E4E}"
EndProject
Project("{2150E333-8FDC-42A3-9474-1A3956D46DE8}") = "5. User Experience Layer", "5. User Experience Layer", "{6EBDBAAC-A1B0-4181-9A3B-06E2E64A72B2}"
EndProject
Global
	GlobalSection(SolutionConfigurationPlatforms) = preSolution
		Debug|Any CPU = Debug|Any CPU
		Release|Any CPU = Release|Any CPU
	EndGlobalSection
	GlobalSection(ProjectConfigurationPlatforms) = postSolution
		{B9D9D375-FCFE-4095-8684-4D4D7708F86B}.Debug|Any CPU.ActiveCfg = Debug|Any CPU
		{B9D9D375-FCFE-4095-8684-4D4D7708F86B}.Debug|Any CPU.Build.0 = Debug|Any CPU
		{B9D9D375-FCFE-4095-8684-4D4D7708F86B}.Release|Any CPU.ActiveCfg = Release|Any CPU
		{B9D9D375-FCFE-4095-8684-4D4D7708F86B}.Release|Any CPU.Build.0 = Release|Any CPU
		{9300A212-8F95-49C4-873A-7D4C7668675C}.Debug|Any CPU.ActiveCfg = Debug|Any CPU
		{9300A212-8F95-49C4-873A-7D4C7668675C}.Debug|Any CPU.Build.0 = Debug|Any CPU
		{9300A212-8F95-49C4-873A-7D4C7668675C}.Release|Any CPU.ActiveCfg = Release|Any CPU
		{9300A212-8F95-49C4-873A-7D4C7668675C}.Release|Any CPU.Build.0 = Release|Any CPU
		{2D44D663-AF7B-40EC-AFDE-57C95E2B7740}.Debug|Any CPU.ActiveCfg = Debug|Any CPU
		{2D44D663-AF7B-40EC-AFDE-57C95E2B7740}.Debug|Any CPU.Build.0 = Debug|Any CPU
		{2D44D663-AF7B-40EC-AFDE-57C95E2B7740}.Release|Any CPU.ActiveCfg = Release|Any CPU
		{2D44D663-AF7B-40EC-AFDE-57C95E2B7740}.Release|Any CPU.Build.0 = Release|Any CPU
		{1EE64B47-D068-44E4-A73C-B314CC13F36F}.Debug|Any CPU.ActiveCfg = Debug|Any CPU
		{1EE64B47-D068-44E4-A73C-B314CC13F36F}.Debug|Any CPU.Build.0 = Debug|Any CPU
		{1EE64B47-D068-44E4-A73C-B314CC13F36F}.Release|Any CPU.ActiveCfg = Release|Any CPU
		{1EE64B47-D068-44E4-A73C-B314CC13F36F}.Release|Any CPU.Build.0 = Release|Any CPU
		{A2AF5012-AB2A-482C-9D2B-D6B05B985E4E}.Debug|Any CPU.ActiveCfg = Debug|Any CPU
		{A2AF5012-AB2A-482C-9D2B-D6B05B985E4E}.Debug|Any CPU.Build.0 = Debug|Any CPU
		{A2AF5012-AB2A-482C-9D2B-D6B05B985E4E}.Release|Any CPU.ActiveCfg = Release|Any CPU
		{A2AF5012-AB2A-482C-9D2B-D6B05B985E4E}.Release|Any CPU.Build.0 = Release|Any CPU
	EndGlobalSection
	GlobalSection(SolutionProperties) = preSolution
		HideSolutionNode = FALSE
	EndGlobalSection
	GlobalSection(NestedProjects) = preSolution
		{2D44D663-AF7B-40EC-AFDE-57C95E2B7740} = {FDE9A207-18F7-4C9D-9321-A0C959146AD0}
		{1EE64B47-D068-44E4-A73C-B314CC13F36F} = {590FA0C6-22AC-4B17-85D9-B4D72ED700F0}
		{9300A212-8F95-49C4-873A-7D4C7668675C} = {AB268BBA-4A68-408D-99AE-2A1D9B9B8A60}
		{A2AF5012-AB2A-482C-9D2B-D6B05B985E4E} = {031A5C10-C877-4D79-ABD3-FC74A1088408}
		{B9D9D375-FCFE-4095-8684-4D4D7708F86B} = {6EBDBAAC-A1B0-4181-9A3B-06E2E64A72B2}
	EndGlobalSection
EndGlobal
